
Microsoft Visual Studio Solution File, Format Version 12.00
# Visual Studio Version 16
VisualStudioVersion = 16.0.32413.511
MinimumVisualStudioVersion = 10.0.40219.1
Project("{FAE04EC0-301F-11D3-BF4B-00C04F79EFBC}") = "DBfirstDemo", "DBfirstDemo\DBfirstDemo.csproj", "{B1611D07-D084-4ABC-AE32-086D089DF6A3}"
EndProject
Global
	GlobalSection(SolutionConfigurationPlatforms) = preSolution
		Debug|Any CPU = Debug|Any CPU
		Release|Any CPU = Release|Any CPU
	EndGlobalSection
	GlobalSection(ProjectConfigurationPlatforms) = postSolution
		{B1611D07-D084-4ABC-AE32-086D089DF6A3}.Debug|Any CPU.ActiveCfg = Debug|Any CPU
		{B1611D07-D084-4ABC-AE32-086D089DF6A3}.Debug|Any CPU.Build.0 = Debug|Any CPU
		{B1611D07-D084-4ABC-AE32-086D089DF6A3}.Release|Any CPU.ActiveCfg = Release|Any CPU
		{B1611D07-D084-4ABC-AE32-086D089DF6A3}.Release|Any CPU.Build.0 = Release|Any CPU
	EndGlobalSection
	GlobalSection(SolutionProperties) = preSolution
		HideSolutionNode = FALSE
	EndGlobalSection
	GlobalSection(ExtensibilityGlobals) = postSolution
		SolutionGuid = {7B308E1E-1194-43E1-BA70-7ABC1B37B8CD}
	EndGlobalSection
EndGlobal
